
Microsoft Visual Studio Solution File, Format Version 12.00
# Visual Studio Version 16
VisualStudioVersion = 16.0.29001.49
MinimumVisualStudioVersion = 10.0.40219.1
Project("{FAE04EC0-301F-11D3-BF4B-00C04F79EFBC}") = "MySpaceBooking.Core.Tests", "MySpaceBooking.Core.Tests\MySpaceBooking.Core.Tests.csproj", "{98AC3901-BD7B-4204-9B7E-B5751E622884}"
EndProject
Project("{FAE04EC0-301F-11D3-BF4B-00C04F79EFBC}") = "MySpaceBooker.Core", "MySpaceBooker.Core\MySpaceBooker.Core.csproj", "{E4909149-7825-4550-ADAD-CE711F3523C4}"
EndProject
Global
	GlobalSection(SolutionConfigurationPlatforms) = preSolution
		Debug|Any CPU = Debug|Any CPU
		Release|Any CPU = Release|Any CPU
	EndGlobalSection
	GlobalSection(ProjectConfigurationPlatforms) = postSolution
		{98AC3901-BD7B-4204-9B7E-B5751E622884}.Debug|Any CPU.ActiveCfg = Debug|Any CPU
		{98AC3901-BD7B-4204-9B7E-B5751E622884}.Debug|Any CPU.Build.0 = Debug|Any CPU
		{98AC3901-BD7B-4204-9B7E-B5751E622884}.Release|Any CPU.ActiveCfg = Release|Any CPU
		{98AC3901-BD7B-4204-9B7E-B5751E622884}.Release|Any CPU.Build.0 = Release|Any CPU
		{E4909149-7825-4550-ADAD-CE711F3523C4}.Debug|Any CPU.ActiveCfg = Debug|Any CPU
		{E4909149-7825-4550-ADAD-CE711F3523C4}.Debug|Any CPU.Build.0 = Debug|Any CPU
		{E4909149-7825-4550-ADAD-CE711F3523C4}.Release|Any CPU.ActiveCfg = Release|Any CPU
		{E4909149-7825-4550-ADAD-CE711F3523C4}.Release|Any CPU.Build.0 = Release|Any CPU
	EndGlobalSection
	GlobalSection(SolutionProperties) = preSolution
		HideSolutionNode = FALSE
	EndGlobalSection
	GlobalSection(ExtensibilityGlobals) = postSolution
		SolutionGuid = {8FC565A7-B3D4-4EFF-B04C-632F2A9887FD}
	EndGlobalSection
EndGlobal
